
Microsoft Visual Studio Solution File, Format Version 12.00
# Visual Studio Version 17
VisualStudioVersion = 17.7.34018.315
MinimumVisualStudioVersion = 10.0.40219.1
Project("{9A19103F-16F7-4668-BE54-9A1E7A4F7556}") = "OrderApi", "OrderApi.csproj", "{1E8E998E-7ED0-4A19-9172-EA87DFF7F22C}"
EndProject
Project("{9A19103F-16F7-4668-BE54-9A1E7A4F7556}") = "OrderApi.Tests", "..\OrderApiTest\OrderApi.Tests.csproj", "{2A339180-9010-43AF-8E57-235A2F9B2C14}"
EndProject
Global
	GlobalSection(SolutionConfigurationPlatforms) = preSolution
		Debug|Any CPU = Debug|Any CPU
		Release|Any CPU = Release|Any CPU
	EndGlobalSection
	GlobalSection(ProjectConfigurationPlatforms) = postSolution
		{1E8E998E-7ED0-4A19-9172-EA87DFF7F22C}.Debug|Any CPU.ActiveCfg = Debug|Any CPU
		{1E8E998E-7ED0-4A19-9172-EA87DFF7F22C}.Debug|Any CPU.Build.0 = Debug|Any CPU
		{1E8E998E-7ED0-4A19-9172-EA87DFF7F22C}.Release|Any CPU.ActiveCfg = Release|Any CPU
		{1E8E998E-7ED0-4A19-9172-EA87DFF7F22C}.Release|Any CPU.Build.0 = Release|Any CPU
		{2A339180-9010-43AF-8E57-235A2F9B2C14}.Debug|Any CPU.ActiveCfg = Debug|Any CPU
		{2A339180-9010-43AF-8E57-235A2F9B2C14}.Debug|Any CPU.Build.0 = Debug|Any CPU
		{2A339180-9010-43AF-8E57-235A2F9B2C14}.Release|Any CPU.ActiveCfg = Release|Any CPU
		{2A339180-9010-43AF-8E57-235A2F9B2C14}.Release|Any CPU.Build.0 = Release|Any CPU
	EndGlobalSection
	GlobalSection(SolutionProperties) = preSolution
		HideSolutionNode = FALSE
	EndGlobalSection
	GlobalSection(ExtensibilityGlobals) = postSolution
		SolutionGuid = {AB7CF839-E5A0-4B0F-814A-D8E93B2F3D54}
	EndGlobalSection
EndGlobal
